
Microsoft Visual Studio Solution File, Format Version 12.00
# Visual Studio 15
Project("{FAE04EC0-301F-11D3-BF4B-00C04F79EFBC}") = "Assembly-CSharp", "Assembly-CSharp.csproj", "{0B2293D3-7CC0-D920-68CC-F84472F94FEC}"
EndProject
Global
	GlobalSection(SolutionConfigurationPlatforms) = preSolution
		Debug|Any CPU = Debug|Any CPU
		Release|Any CPU = Release|Any CPU
	EndGlobalSection
	GlobalSection(ProjectConfigurationPlatforms) = postSolution
		{0B2293D3-7CC0-D920-68CC-F84472F94FEC}.Debug|Any CPU.ActiveCfg = Debug|Any CPU
		{0B2293D3-7CC0-D920-68CC-F84472F94FEC}.Debug|Any CPU.Build.0 = Debug|Any CPU
		{0B2293D3-7CC0-D920-68CC-F84472F94FEC}.Release|Any CPU.ActiveCfg = Release|Any CPU
		{0B2293D3-7CC0-D920-68CC-F84472F94FEC}.Release|Any CPU.Build.0 = Release|Any CPU
	EndGlobalSection
	GlobalSection(SolutionProperties) = preSolution
		HideSolutionNode = FALSE
	EndGlobalSection
EndGlobal
